// !$*UTF8*$!
{
	archiveVersion = 1;
	classes = {
	};
	objectVersion = 46;
	objects = {

/* Begin PBXBuildFile section */
		182D03C21A5FB28600423A1E /* PurpleView.xib in Resources */ = {isa = PBXBuildFile; fileRef = 182D03C11A5FB28600423A1E /* PurpleView.xib */; };
		187764B71A5039A60042DA62 /* YellowView.xib in Resources */ = {isa = PBXBuildFile; fileRef = 187764B61A5039A60042DA62 /* YellowView.xib */; };
		187764BA1A5039C60042DA62 /* YellowView.m in Sources */ = {isa = PBXBuildFile; fileRef = 187764B91A5039C60042DA62 /* YellowView.m */; };
		187764C21A5046B80042DA62 /* BlackViewController.m in Sources */ = {isa = PBXBuildFile; fileRef = 187764C01A5046B80042DA62 /* BlackViewController.m */; };
		187764C31A5046B80042DA62 /* BlackViewController.xib in Resources */ = {isa = PBXBuildFile; fileRef = 187764C11A5046B80042DA62 /* BlackViewController.xib */; };
		187764C61A5054610042DA62 /* UIViewController+NIB.m in Sources */ = {isa = PBXBuildFile; fileRef = 187764C51A5054610042DA62 /* UIViewController+NIB.m */; };
		187764CE1A50563F0042DA62 /* GrayViewController.m in Sources */ = {isa = PBXBuildFile; fileRef = 187764CC1A50563F0042DA62 /* GrayViewController.m */; };
		187764CF1A50563F0042DA62 /* GrayViewController.xib in Resources */ = {isa = PBXBuildFile; fileRef = 187764CD1A50563F0042DA62 /* GrayViewController.xib */; };
		187764D31A50E6F50042DA62 /* MainViewController.m in Sources */ = {isa = PBXBuildFile; fileRef = 187764D21A50E6F50042DA62 /* MainViewController.m */; };
		18D3151F1A4C0AFC00CB128D /* main.m in Sources */ = {isa = PBXBuildFile; fileRef = 18D3151E1A4C0AFC00CB128D /* main.m */; };
		18D315221A4C0AFC00CB128D /* AppDelegate.m in Sources */ = {isa = PBXBuildFile; fileRef = 18D315211A4C0AFC00CB128D /* AppDelegate.m */; };
		18D315281A4C0AFC00CB128D /* Main.storyboard in Resources */ = {isa = PBXBuildFile; fileRef = 18D315261A4C0AFC00CB128D /* Main.storyboard */; };
		18D3152A1A4C0AFC00CB128D /* Images.xcassets in Resources */ = {isa = PBXBuildFile; fileRef = 18D315291A4C0AFC00CB128D /* Images.xcassets */; };
		18D3152D1A4C0AFC00CB128D /* LaunchScreen.xib in Resources */ = {isa = PBXBuildFile; fileRef = 18D3152B1A4C0AFC00CB128D /* LaunchScreen.xib */; };
		18D315391A4C0AFC00CB128D /* JLN_1_xibTests.m in Sources */ = {isa = PBXBuildFile; fileRef = 18D315381A4C0AFC00CB128D /* JLN_1_xibTests.m */; };
		18D315431A4C0B2900CB128D /* BlueView.xib in Resources */ = {isa = PBXBuildFile; fileRef = 18D315421A4C0B2900CB128D /* BlueView.xib */; };
		18D315481A4C111E00CB128D /* GreenView.xib in Resources */ = {isa = PBXBuildFile; fileRef = 18D315471A4C111E00CB128D /* GreenView.xib */; };
		18D3154A1A4C14DC00CB128D /* RedView.xib in Resources */ = {isa = PBXBuildFile; fileRef = 18D315491A4C14DC00CB128D /* RedView.xib */; };
		18D315501A4C157400CB128D /* RedViewOwner.m in Sources */ = {isa = PBXBuildFile; fileRef = 18D3154F1A4C157400CB128D /* RedViewOwner.m */; };
		F19B5A4C1BE88D9C0020B2B5 /* tingyunApp.framework in Frameworks */ = {isa = PBXBuildFile; fileRef = F19B5A4B1BE88D9C0020B2B5 /* tingyunApp.framework */; };
		F19B5A4E1BE88DD60020B2B5 /* CoreTelephony.framework in Frameworks */ = {isa = PBXBuildFile; fileRef = F19B5A4D1BE88DD50020B2B5 /* CoreTelephony.framework */; };
		F19B5A501BE88DE00020B2B5 /* Security.framework in Frameworks */ = {isa = PBXBuildFile; fileRef = F19B5A4F1BE88DE00020B2B5 /* Security.framework */; };
		F19B5A521BE88DEB0020B2B5 /* SystemConfiguration.framework in Frameworks */ = {isa = PBXBuildFile; fileRef = F19B5A511BE88DEB0020B2B5 /* SystemConfiguration.framework */; };
		F19B5A541BE88F660020B2B5 /* libz.tbd in Frameworks */ = {isa = PBXBuildFile; fileRef = F19B5A531BE88F660020B2B5 /* libz.tbd */; };
/* End PBXBuildFile section */

/* Begin PBXContainerItemProxy section */
		18D315331A4C0AFC00CB128D /* PBXContainerItemProxy */ = {
			isa = PBXContainerItemProxy;
			containerPortal = 18D315111A4C0AFB00CB128D /* Project object */;
			proxyType = 1;
			remoteGlobalIDString = 18D315181A4C0AFC00CB128D;
			remoteInfo = "JLN-1_xib";
		};
/* End PBXContainerItemProxy section */

/* Begin PBXFileReference section */
		182D03C11A5FB28600423A1E /* PurpleView.xib */ = {isa = PBXFileReference; fileEncoding = 4; lastKnownFileType = file.xib; path = PurpleView.xib; sourceTree = "<group>"; };
		187764B61A5039A60042DA62 /* YellowView.xib */ = {isa = PBXFileReference; fileEncoding = 4; lastKnownFileType = file.xib; path = YellowView.xib; sourceTree = "<group>"; };
		187764B81A5039C60042DA62 /* YellowView.h */ = {isa = PBXFileReference; fileEncoding = 4; lastKnownFileType = sourcecode.c.h; path = YellowView.h; sourceTree = "<group>"; };
		187764B91A5039C60042DA62 /* YellowView.m */ = {isa = PBXFileReference; fileEncoding = 4; lastKnownFileType = sourcecode.c.objc; path = YellowView.m; sourceTree = "<group>"; };
		187764BF1A5046B80042DA62 /* BlackViewController.h */ = {isa = PBXFileReference; fileEncoding = 4; lastKnownFileType = sourcecode.c.h; path = BlackViewController.h; sourceTree = "<group>"; };
		187764C01A5046B80042DA62 /* BlackViewController.m */ = {isa = PBXFileReference; fileEncoding = 4; lastKnownFileType = sourcecode.c.objc; path = BlackViewController.m; sourceTree = "<group>"; };
		187764C11A5046B80042DA62 /* BlackViewController.xib */ = {isa = PBXFileReference; fileEncoding = 4; lastKnownFileType = file.xib; path = BlackViewController.xib; sourceTree = "<group>"; };
		187764C41A5054610042DA62 /* UIViewController+NIB.h */ = {isa = PBXFileReference; fileEncoding = 4; lastKnownFileType = sourcecode.c.h; path = "UIViewController+NIB.h"; sourceTree = "<group>"; };
		187764C51A5054610042DA62 /* UIViewController+NIB.m */ = {isa = PBXFileReference; fileEncoding = 4; lastKnownFileType = sourcecode.c.objc; path = "UIViewController+NIB.m"; sourceTree = "<group>"; };
		187764CB1A50563F0042DA62 /* GrayViewController.h */ = {isa = PBXFileReference; fileEncoding = 4; lastKnownFileType = sourcecode.c.h; path = GrayViewController.h; sourceTree = "<group>"; };
		187764CC1A50563F0042DA62 /* GrayViewController.m */ = {isa = PBXFileReference; fileEncoding = 4; lastKnownFileType = sourcecode.c.objc; path = GrayViewController.m; sourceTree = "<group>"; };
		187764CD1A50563F0042DA62 /* GrayViewController.xib */ = {isa = PBXFileReference; fileEncoding = 4; lastKnownFileType = file.xib; path = GrayViewController.xib; sourceTree = "<group>"; };
		187764D11A50E6F50042DA62 /* MainViewController.h */ = {isa = PBXFileReference; fileEncoding = 4; lastKnownFileType = sourcecode.c.h; path = MainViewController.h; sourceTree = "<group>"; };
		187764D21A50E6F50042DA62 /* MainViewController.m */ = {isa = PBXFileReference; fileEncoding = 4; lastKnownFileType = sourcecode.c.objc; path = MainViewController.m; sourceTree = "<group>"; };
		18D315191A4C0AFC00CB128D /* JLN-1_xib.app */ = {isa = PBXFileReference; explicitFileType = wrapper.application; includeInIndex = 0; path = "JLN-1_xib.app"; sourceTree = BUILT_PRODUCTS_DIR; };
		18D3151D1A4C0AFC00CB128D /* Info.plist */ = {isa = PBXFileReference; lastKnownFileType = text.plist.xml; path = Info.plist; sourceTree = "<group>"; };
		18D3151E1A4C0AFC00CB128D /* main.m */ = {isa = PBXFileReference; lastKnownFileType = sourcecode.c.objc; path = main.m; sourceTree = "<group>"; };
		18D315201A4C0AFC00CB128D /* AppDelegate.h */ = {isa = PBXFileReference; lastKnownFileType = sourcecode.c.h; path = AppDelegate.h; sourceTree = "<group>"; };
		18D315211A4C0AFC00CB128D /* AppDelegate.m */ = {isa = PBXFileReference; lastKnownFileType = sourcecode.c.objc; path = AppDelegate.m; sourceTree = "<group>"; };
		18D315271A4C0AFC00CB128D /* Base */ = {isa = PBXFileReference; lastKnownFileType = file.storyboard; name = Base; path = Base.lproj/Main.storyboard; sourceTree = "<group>"; };
		18D315291A4C0AFC00CB128D /* Images.xcassets */ = {isa = PBXFileReference; lastKnownFileType = folder.assetcatalog; path = Images.xcassets; sourceTree = "<group>"; };
		18D3152C1A4C0AFC00CB128D /* Base */ = {isa = PBXFileReference; lastKnownFileType = file.xib; name = Base; path = Base.lproj/LaunchScreen.xib; sourceTree = "<group>"; };
		18D315321A4C0AFC00CB128D /* JLN-1_xibTests.xctest */ = {isa = PBXFileReference; explicitFileType = wrapper.cfbundle; includeInIndex = 0; path = "JLN-1_xibTests.xctest"; sourceTree = BUILT_PRODUCTS_DIR; };
		18D315371A4C0AFC00CB128D /* Info.plist */ = {isa = PBXFileReference; lastKnownFileType = text.plist.xml; path = Info.plist; sourceTree = "<group>"; };
		18D315381A4C0AFC00CB128D /* JLN_1_xibTests.m */ = {isa = PBXFileReference; lastKnownFileType = sourcecode.c.objc; path = JLN_1_xibTests.m; sourceTree = "<group>"; };
		18D315421A4C0B2900CB128D /* BlueView.xib */ = {isa = PBXFileReference; fileEncoding = 4; lastKnownFileType = file.xib; path = BlueView.xib; sourceTree = "<group>"; };
		18D315471A4C111E00CB128D /* GreenView.xib */ = {isa = PBXFileReference; fileEncoding = 4; lastKnownFileType = file.xib; path = GreenView.xib; sourceTree = "<group>"; };
		18D315491A4C14DC00CB128D /* RedView.xib */ = {isa = PBXFileReference; fileEncoding = 4; lastKnownFileType = file.xib; path = RedView.xib; sourceTree = "<group>"; };
		18D3154E1A4C157400CB128D /* RedViewOwner.h */ = {isa = PBXFileReference; fileEncoding = 4; lastKnownFileType = sourcecode.c.h; path = RedViewOwner.h; sourceTree = "<group>"; };
		18D3154F1A4C157400CB128D /* RedViewOwner.m */ = {isa = PBXFileReference; fileEncoding = 4; lastKnownFileType = sourcecode.c.objc; path = RedViewOwner.m; sourceTree = "<group>"; };
		F19B5A4B1BE88D9C0020B2B5 /* tingyunApp.framework */ = {isa = PBXFileReference; lastKnownFileType = wrapper.framework; path = tingyunApp.framework; sourceTree = "<group>"; };
		F19B5A4D1BE88DD50020B2B5 /* CoreTelephony.framework */ = {isa = PBXFileReference; lastKnownFileType = wrapper.framework; name = CoreTelephony.framework; path = System/Library/Frameworks/CoreTelephony.framework; sourceTree = SDKROOT; };
		F19B5A4F1BE88DE00020B2B5 /* Security.framework */ = {isa = PBXFileReference; lastKnownFileType = wrapper.framework; name = Security.framework; path = System/Library/Frameworks/Security.framework; sourceTree = SDKROOT; };
		F19B5A511BE88DEB0020B2B5 /* SystemConfiguration.framework */ = {isa = PBXFileReference; lastKnownFileType = wrapper.framework; name = SystemConfiguration.framework; path = System/Library/Frameworks/SystemConfiguration.framework; sourceTree = SDKROOT; };
		F19B5A531BE88F660020B2B5 /* libz.tbd */ = {isa = PBXFileReference; lastKnownFileType = "sourcecode.text-based-dylib-definition"; name = libz.tbd; path = usr/lib/libz.tbd; sourceTree = SDKROOT; };
		F19B5A551BE891600020B2B5 /* PrefixHeader.pch */ = {isa = PBXFileReference; lastKnownFileType = sourcecode.c.h; path = PrefixHeader.pch; sourceTree = "<group>"; };
/* End PBXFileReference section */

/* Begin PBXFrameworksBuildPhase section */
		18D315161A4C0AFC00CB128D /* Frameworks */ = {
			isa = PBXFrameworksBuildPhase;
			buildActionMask = 2147483647;
			files = (
				F19B5A541BE88F660020B2B5 /* libz.tbd in Frameworks */,
				F19B5A521BE88DEB0020B2B5 /* SystemConfiguration.framework in Frameworks */,
				F19B5A501BE88DE00020B2B5 /* Security.framework in Frameworks */,
				F19B5A4E1BE88DD60020B2B5 /* CoreTelephony.framework in Frameworks */,
				F19B5A4C1BE88D9C0020B2B5 /* tingyunApp.framework in Frameworks */,
			);
			runOnlyForDeploymentPostprocessing = 0;
		};
		18D3152F1A4C0AFC00CB128D /* Frameworks */ = {
			isa = PBXFrameworksBuildPhase;
			buildActionMask = 2147483647;
			files = (
			);
			runOnlyForDeploymentPostprocessing = 0;
		};
/* End PBXFrameworksBuildPhase section */

/* Begin PBXGroup section */
		182D03C01A5FB25E00423A1E /* PurpleView */ = {
			isa = PBXGroup;
			children = (
				182D03C11A5FB28600423A1E /* PurpleView.xib */,
			);
			name = PurpleView;
			sourceTree = "<group>";
		};
		187764B01A50388B0042DA62 /* YellowView */ = {
			isa = PBXGroup;
			children = (
				187764B81A5039C60042DA62 /* YellowView.h */,
				187764B91A5039C60042DA62 /* YellowView.m */,
				187764B61A5039A60042DA62 /* YellowView.xib */,
			);
			name = YellowView;
			sourceTree = "<group>";
		};
		187764BB1A5044FD0042DA62 /* BlueView */ = {
			isa = PBXGroup;
			children = (
				18D315421A4C0B2900CB128D /* BlueView.xib */,
			);
			name = BlueView;
			sourceTree = "<group>";
		};
		187764BC1A50464D0042DA62 /* BlackView */ = {
			isa = PBXGroup;
			children = (
				187764BF1A5046B80042DA62 /* BlackViewController.h */,
				187764C01A5046B80042DA62 /* BlackViewController.m */,
				187764C11A5046B80042DA62 /* BlackViewController.xib */,
			);
			name = BlackView;
			sourceTree = "<group>";
		};
		187764C71A5055FC0042DA62 /* GrayView */ = {
			isa = PBXGroup;
			children = (
				187764C41A5054610042DA62 /* UIViewController+NIB.h */,
				187764C51A5054610042DA62 /* UIViewController+NIB.m */,
				187764CB1A50563F0042DA62 /* GrayViewController.h */,
				187764CC1A50563F0042DA62 /* GrayViewController.m */,
				187764CD1A50563F0042DA62 /* GrayViewController.xib */,
			);
			name = GrayView;
			sourceTree = "<group>";
		};
		18D315101A4C0AFB00CB128D = {
			isa = PBXGroup;
			children = (
				F19B5A551BE891600020B2B5 /* PrefixHeader.pch */,
				F19B5A531BE88F660020B2B5 /* libz.tbd */,
				F19B5A511BE88DEB0020B2B5 /* SystemConfiguration.framework */,
				F19B5A4F1BE88DE00020B2B5 /* Security.framework */,
				F19B5A4D1BE88DD50020B2B5 /* CoreTelephony.framework */,
				18D3151B1A4C0AFC00CB128D /* JLN-1_xib */,
				18D315351A4C0AFC00CB128D /* JLN-1_xibTests */,
				18D3151A1A4C0AFC00CB128D /* Products */,
				F19B5A4B1BE88D9C0020B2B5 /* tingyunApp.framework */,
			);
			sourceTree = "<group>";
		};
		18D3151A1A4C0AFC00CB128D /* Products */ = {
			isa = PBXGroup;
			children = (
				18D315191A4C0AFC00CB128D /* JLN-1_xib.app */,
				18D315321A4C0AFC00CB128D /* JLN-1_xibTests.xctest */,
			);
			name = Products;
			sourceTree = "<group>";
		};
		18D3151B1A4C0AFC00CB128D /* JLN-1_xib */ = {
			isa = PBXGroup;
			children = (
				187764BB1A5044FD0042DA62 /* BlueView */,
				18D315511A4C17B700CB128D /* GreenView */,
				18D315521A4C17C900CB128D /* RedView */,
				187764B01A50388B0042DA62 /* YellowView */,
				187764BC1A50464D0042DA62 /* BlackView */,
				187764C71A5055FC0042DA62 /* GrayView */,
				182D03C01A5FB25E00423A1E /* PurpleView */,
				18D315201A4C0AFC00CB128D /* AppDelegate.h */,
				18D315211A4C0AFC00CB128D /* AppDelegate.m */,
				187764D11A50E6F50042DA62 /* MainViewController.h */,
				187764D21A50E6F50042DA62 /* MainViewController.m */,
				18D315261A4C0AFC00CB128D /* Main.storyboard */,
				18D315291A4C0AFC00CB128D /* Images.xcassets */,
				18D3152B1A4C0AFC00CB128D /* LaunchScreen.xib */,
				18D3151C1A4C0AFC00CB128D /* Supporting Files */,
			);
			path = "JLN-1_xib";
			sourceTree = "<group>";
		};
		18D3151C1A4C0AFC00CB128D /* Supporting Files */ = {
			isa = PBXGroup;
			children = (
				18D3151D1A4C0AFC00CB128D /* Info.plist */,
				18D3151E1A4C0AFC00CB128D /* main.m */,
			);
			name = "Supporting Files";
			sourceTree = "<group>";
		};
		18D315351A4C0AFC00CB128D /* JLN-1_xibTests */ = {
			isa = PBXGroup;
			children = (
				18D315381A4C0AFC00CB128D /* JLN_1_xibTests.m */,
				18D315361A4C0AFC00CB128D /* Supporting Files */,
			);
			path = "JLN-1_xibTests";
			sourceTree = "<group>";
		};
		18D315361A4C0AFC00CB128D /* Supporting Files */ = {
			isa = PBXGroup;
			children = (
				18D315371A4C0AFC00CB128D /* Info.plist */,
			);
			name = "Supporting Files";
			sourceTree = "<group>";
		};
		18D315511A4C17B700CB128D /* GreenView */ = {
			isa = PBXGroup;
			children = (
				18D315471A4C111E00CB128D /* GreenView.xib */,
			);
			name = GreenView;
			sourceTree = "<group>";
		};
		18D315521A4C17C900CB128D /* RedView */ = {
			isa = PBXGroup;
			children = (
				18D3154E1A4C157400CB128D /* RedViewOwner.h */,
				18D3154F1A4C157400CB128D /* RedViewOwner.m */,
				18D315491A4C14DC00CB128D /* RedView.xib */,
			);
			name = RedView;
			sourceTree = "<group>";
		};
/* End PBXGroup section */

/* Begin PBXNativeTarget section */
		18D315181A4C0AFC00CB128D /* JLN-1_xib */ = {
			isa = PBXNativeTarget;
			buildConfigurationList = 18D3153C1A4C0AFC00CB128D /* Build configuration list for PBXNativeTarget "JLN-1_xib" */;
			buildPhases = (
				18D315151A4C0AFC00CB128D /* Sources */,
				18D315161A4C0AFC00CB128D /* Frameworks */,
				18D315171A4C0AFC00CB128D /* Resources */,
			);
			buildRules = (
			);
			dependencies = (
			);
			name = "JLN-1_xib";
			productName = "JLN-1_xib";
			productReference = 18D315191A4C0AFC00CB128D /* JLN-1_xib.app */;
			productType = "com.apple.product-type.application";
		};
		18D315311A4C0AFC00CB128D /* JLN-1_xibTests */ = {
			isa = PBXNativeTarget;
			buildConfigurationList = 18D3153F1A4C0AFC00CB128D /* Build configuration list for PBXNativeTarget "JLN-1_xibTests" */;
			buildPhases = (
				18D3152E1A4C0AFC00CB128D /* Sources */,
				18D3152F1A4C0AFC00CB128D /* Frameworks */,
				18D315301A4C0AFC00CB128D /* Resources */,
			);
			buildRules = (
			);
			dependencies = (
				18D315341A4C0AFC00CB128D /* PBXTargetDependency */,
			);
			name = "JLN-1_xibTests";
			productName = "JLN-1_xibTests";
			productReference = 18D315321A4C0AFC00CB128D /* JLN-1_xibTests.xctest */;
			productType = "com.apple.product-type.bundle.unit-test";
		};
/* End PBXNativeTarget section */

/* Begin PBXProject section */
		18D315111A4C0AFB00CB128D /* Project object */ = {
			isa = PBXProject;
			attributes = {
				LastUpgradeCheck = 0610;
				ORGANIZATIONNAME = Jymn_Chen;
				TargetAttributes = {
					18D315181A4C0AFC00CB128D = {
						CreatedOnToolsVersion = 6.1.1;
					};
					18D315311A4C0AFC00CB128D = {
						CreatedOnToolsVersion = 6.1.1;
						TestTargetID = 18D315181A4C0AFC00CB128D;
					};
				};
			};
			buildConfigurationList = 18D315141A4C0AFB00CB128D /* Build configuration list for PBXProject "JLN-1_xib" */;
			compatibilityVersion = "Xcode 3.2";
			developmentRegion = English;
			hasScannedForEncodings = 0;
			knownRegions = (
				en,
				Base,
			);
			mainGroup = 18D315101A4C0AFB00CB128D;
			productRefGroup = 18D3151A1A4C0AFC00CB128D /* Products */;
			projectDirPath = "";
			projectRoot = "";
			targets = (
				18D315181A4C0AFC00CB128D /* JLN-1_xib */,
				18D315311A4C0AFC00CB128D /* JLN-1_xibTests */,
			);
		};
/* End PBXProject section */

/* Begin PBXResourcesBuildPhase section */
		18D315171A4C0AFC00CB128D /* Resources */ = {
			isa = PBXResourcesBuildPhase;
			buildActionMask = 2147483647;
			files = (
				18D3154A1A4C14DC00CB128D /* RedView.xib in Resources */,
				18D315431A4C0B2900CB128D /* BlueView.xib in Resources */,
				187764C31A5046B80042DA62 /* BlackViewController.xib in Resources */,
				18D315281A4C0AFC00CB128D /* Main.storyboard in Resources */,
				187764CF1A50563F0042DA62 /* GrayViewController.xib in Resources */,
				18D3152D1A4C0AFC00CB128D /* LaunchScreen.xib in Resources */,
				182D03C21A5FB28600423A1E /* PurpleView.xib in Resources */,
				18D3152A1A4C0AFC00CB128D /* Images.xcassets in Resources */,
				187764B71A5039A60042DA62 /* YellowView.xib in Resources */,
				18D315481A4C111E00CB128D /* GreenView.xib in Resources */,
			);
			runOnlyForDeploymentPostprocessing = 0;
		};
		18D315301A4C0AFC00CB128D /* Resources */ = {
			isa = PBXResourcesBuildPhase;
			buildActionMask = 2147483647;
			files = (
			);
			runOnlyForDeploymentPostprocessing = 0;
		};
/* End PBXResourcesBuildPhase section */

/* Begin PBXSourcesBuildPhase section */
		18D315151A4C0AFC00CB128D /* Sources */ = {
			isa = PBXSourcesBuildPhase;
			buildActionMask = 2147483647;
			files = (
				18D315221A4C0AFC00CB128D /* AppDelegate.m in Sources */,
				187764CE1A50563F0042DA62 /* GrayViewController.m in Sources */,
				187764BA1A5039C60042DA62 /* YellowView.m in Sources */,
				187764C61A5054610042DA62 /* UIViewController+NIB.m in Sources */,
				187764D31A50E6F50042DA62 /* MainViewController.m in Sources */,
				187764C21A5046B80042DA62 /* BlackViewController.m in Sources */,
				18D3151F1A4C0AFC00CB128D /* main.m in Sources */,
				18D315501A4C157400CB128D /* RedViewOwner.m in Sources */,
			);
			runOnlyForDeploymentPostprocessing = 0;
		};
		18D3152E1A4C0AFC00CB128D /* Sources */ = {
			isa = PBXSourcesBuildPhase;
			buildActionMask = 2147483647;
			files = (
				18D315391A4C0AFC00CB128D /* JLN_1_xibTests.m in Sources */,
			);
			runOnlyForDeploymentPostprocessing = 0;
		};
/* End PBXSourcesBuildPhase section */

/* Begin PBXTargetDependency section */
		18D315341A4C0AFC00CB128D /* PBXTargetDependency */ = {
			isa = PBXTargetDependency;
			target = 18D315181A4C0AFC00CB128D /* JLN-1_xib */;
			targetProxy = 18D315331A4C0AFC00CB128D /* PBXContainerItemProxy */;
		};
/* End PBXTargetDependency section */

/* Begin PBXVariantGroup section */
		18D315261A4C0AFC00CB128D /* Main.storyboard */ = {
			isa = PBXVariantGroup;
			children = (
				18D315271A4C0AFC00CB128D /* Base */,
			);
			name = Main.storyboard;
			sourceTree = "<group>";
		};
		18D3152B1A4C0AFC00CB128D /* LaunchScreen.xib */ = {
			isa = PBXVariantGroup;
			children = (
				18D3152C1A4C0AFC00CB128D /* Base */,
			);
			name = LaunchScreen.xib;
			sourceTree = "<group>";
		};
/* End PBXVariantGroup section */

/* Begin XCBuildConfiguration section */
		18D3153A1A4C0AFC00CB128D /* Debug */ = {
			isa = XCBuildConfiguration;
			buildSettings = {
				ALWAYS_SEARCH_USER_PATHS = NO;
				CLANG_CXX_LANGUAGE_STANDARD = "gnu++0x";
				CLANG_CXX_LIBRARY = "libc++";
				CLANG_ENABLE_MODULES = YES;
				CLANG_ENABLE_OBJC_ARC = YES;
				CLANG_WARN_BOOL_CONVERSION = YES;
				CLANG_WARN_CONSTANT_CONVERSION = YES;
				CLANG_WARN_DIRECT_OBJC_ISA_USAGE = YES_ERROR;
				CLANG_WARN_EMPTY_BODY = YES;
				CLANG_WARN_ENUM_CONVERSION = YES;
				CLANG_WARN_INT_CONVERSION = YES;
				CLANG_WARN_OBJC_ROOT_CLASS = YES_ERROR;
				CLANG_WARN_UNREACHABLE_CODE = YES;
				CLANG_WARN__DUPLICATE_METHOD_MATCH = YES;
				"CODE_SIGN_IDENTITY[sdk=iphoneos*]" = "iPhone Developer";
				COPY_PHASE_STRIP = NO;
				ENABLE_STRICT_OBJC_MSGSEND = YES;
				GCC_C_LANGUAGE_STANDARD = gnu99;
				GCC_DYNAMIC_NO_PIC = NO;
				GCC_OPTIMIZATION_LEVEL = 0;
				GCC_PREPROCESSOR_DEFINITIONS = (
					"DEBUG=1",
					"$(inherited)",
				);
				GCC_SYMBOLS_PRIVATE_EXTERN = NO;
				GCC_WARN_64_TO_32_BIT_CONVERSION = YES;
				GCC_WARN_ABOUT_RETURN_TYPE = YES_ERROR;
				GCC_WARN_UNDECLARED_SELECTOR = YES;
				GCC_WARN_UNINITIALIZED_AUTOS = YES_AGGRESSIVE;
				GCC_WARN_UNUSED_FUNCTION = YES;
				GCC_WARN_UNUSED_VARIABLE = YES;
				IPHONEOS_DEPLOYMENT_TARGET = 8.1;
				MTL_ENABLE_DEBUG_INFO = YES;
				ONLY_ACTIVE_ARCH = YES;
				SDKROOT = iphoneos;
				TARGETED_DEVICE_FAMILY = "1,2";
			};
			name = Debug;
		};
		18D3153B1A4C0AFC00CB128D /* Release */ = {
			isa = XCBuildConfiguration;
			buildSettings = {
				ALWAYS_SEARCH_USER_PATHS = NO;
				CLANG_CXX_LANGUAGE_STANDARD = "gnu++0x";
				CLANG_CXX_LIBRARY = "libc++";
				CLANG_ENABLE_MODULES = YES;
				CLANG_ENABLE_OBJC_ARC = YES;
				CLANG_WARN_BOOL_CONVERSION = YES;
				CLANG_WARN_CONSTANT_CONVERSION = YES;
				CLANG_WARN_DIRECT_OBJC_ISA_USAGE = YES_ERROR;
				CLANG_WARN_EMPTY_BODY = YES;
				CLANG_WARN_ENUM_CONVERSION = YES;
				CLANG_WARN_INT_CONVERSION = YES;
				CLANG_WARN_OBJC_ROOT_CLASS = YES_ERROR;
				CLANG_WARN_UNREACHABLE_CODE = YES;
				CLANG_WARN__DUPLICATE_METHOD_MATCH = YES;
				"CODE_SIGN_IDENTITY[sdk=iphoneos*]" = "iPhone Developer";
				COPY_PHASE_STRIP = YES;
				ENABLE_NS_ASSERTIONS = NO;
				ENABLE_STRICT_OBJC_MSGSEND = YES;
				GCC_C_LANGUAGE_STANDARD = gnu99;
				GCC_WARN_64_TO_32_BIT_CONVERSION = YES;
				GCC_WARN_ABOUT_RETURN_TYPE = YES_ERROR;
				GCC_WARN_UNDECLARED_SELECTOR = YES;
				GCC_WARN_UNINITIALIZED_AUTOS = YES_AGGRESSIVE;
				GCC_WARN_UNUSED_FUNCTION = YES;
				GCC_WARN_UNUSED_VARIABLE = YES;
				IPHONEOS_DEPLOYMENT_TARGET = 8.1;
				MTL_ENABLE_DEBUG_INFO = NO;
				SDKROOT = iphoneos;
				TARGETED_DEVICE_FAMILY = "1,2";
				VALIDATE_PRODUCT = YES;
			};
			name = Release;
		};
		18D3153D1A4C0AFC00CB128D /* Debug */ = {
			isa = XCBuildConfiguration;
			buildSettings = {
				ASSETCATALOG_COMPILER_APPICON_NAME = AppIcon;
				FRAMEWORK_SEARCH_PATHS = (
					"$(inherited)",
					"$(PROJECT_DIR)",
				);
				GCC_PREFIX_HEADER = "/Users/maculishting/Documents/项目/IOS project/LJF_IOSUI/Xib/JLN-1_xib/PrefixHeader.pch";
				INFOPLIST_FILE = "JLN-1_xib/Info.plist";
				LD_RUNPATH_SEARCH_PATHS = "$(inherited) @executable_path/Frameworks";
				PRODUCT_NAME = "$(TARGET_NAME)";
			};
			name = Debug;
		};
		18D3153E1A4C0AFC00CB128D /* Release */ = {
			isa = XCBuildConfiguration;
			buildSettings = {
				ASSETCATALOG_COMPILER_APPICON_NAME = AppIcon;
				FRAMEWORK_SEARCH_PATHS = (
					"$(inherited)",
					"$(PROJECT_DIR)",
				);
				GCC_PREFIX_HEADER = "/Users/maculishting/Documents/项目/IOS project/LJF_IOSUI/Xib/JLN-1_xib/PrefixHeader.pch";
				INFOPLIST_FILE = "JLN-1_xib/Info.plist";
				LD_RUNPATH_SEARCH_PATHS = "$(inherited) @executable_path/Frameworks";
				PRODUCT_NAME = "$(TARGET_NAME)";
			};
			name = Release;
		};
		18D315401A4C0AFC00CB128D /* Debug */ = {
			isa = XCBuildConfiguration;
			buildSettings = {
				BUNDLE_LOADER = "$(TEST_HOST)";
				FRAMEWORK_SEARCH_PATHS = (
					"$(SDKROOT)/Developer/Library/Frameworks",
					"$(inherited)",
				);
				GCC_PREPROCESSOR_DEFINITIONS = (
					"DEBUG=1",
					"$(inherited)",
				);
				INFOPLIST_FILE = "JLN-1_xibTests/Info.plist";
				LD_RUNPATH_SEARCH_PATHS = "$(inherited) @executable_path/Frameworks @loader_path/Frameworks";
				PRODUCT_NAME = "$(TARGET_NAME)";
				TEST_HOST = "$(BUILT_PRODUCTS_DIR)/JLN-1_xib.app/JLN-1_xib";
			};
			name = Debug;
		};
		18D315411A4C0AFC00CB128D /* Release */ = {
			isa = XCBuildConfiguration;
			buildSettings = {
				BUNDLE_LOADER = "$(TEST_HOST)";
				FRAMEWORK_SEARCH_PATHS = (
					"$(SDKROOT)/Developer/Library/Frameworks",
					"$(inherited)",
				);
				INFOPLIST_FILE = "JLN-1_xibTests/Info.plist";
				LD_RUNPATH_SEARCH_PATHS = "$(inherited) @executable_path/Frameworks @loader_path/Frameworks";
				PRODUCT_NAME = "$(TARGET_NAME)";
				TEST_HOST = "$(BUILT_PRODUCTS_DIR)/JLN-1_xib.app/JLN-1_xib";
			};
			name = Release;
		};
/* End XCBuildConfiguration section */

/* Begin XCConfigurationList section */
		18D315141A4C0AFB00CB128D /* Build configuration list for PBXProject "JLN-1_xib" */ = {
			isa = XCConfigurationList;
			buildConfigurations = (
				18D3153A1A4C0AFC00CB128D /* Debug */,
				18D3153B1A4C0AFC00CB128D /* Release */,
			);
			defaultConfigurationIsVisible = 0;
			defaultConfigurationName = Release;
		};
		18D3153C1A4C0AFC00CB128D /* Build configuration list for PBXNativeTarget "JLN-1_xib" */ = {
			isa = XCConfigurationList;
			buildConfigurations = (
				18D3153D1A4C0AFC00CB128D /* Debug */,
				18D3153E1A4C0AFC00CB128D /* Release */,
			);
			defaultConfigurationIsVisible = 0;
			defaultConfigurationName = Release;
		};
		18D3153F1A4C0AFC00CB128D /* Build configuration list for PBXNativeTarget "JLN-1_xibTests" */ = {
			isa = XCConfigurationList;
			buildConfigurations = (
				18D315401A4C0AFC00CB128D /* Debug */,
				18D315411A4C0AFC00CB128D /* Release */,
			);
			defaultConfigurationIsVisible = 0;
			defaultConfigurationName = Release;
		};
/* End XCConfigurationList section */
	};
	rootObject = 18D315111A4C0AFB00CB128D /* Project object */;
}
