// !$*UTF8*$!
{
	archiveVersion = 1;
	classes = {
	};
	objectVersion = 46;
	objects = {

/* Begin PBXBuildFile section */
		B478102A1A3E7BE4008B6B6B /* main.m in Sources */ = {isa = PBXBuildFile; fileRef = B47810291A3E7BE4008B6B6B /* main.m */; };
		B478102D1A3E7BE4008B6B6B /* AppDelegate.m in Sources */ = {isa = PBXBuildFile; fileRef = B478102C1A3E7BE4008B6B6B /* AppDelegate.m */; };
		B47810301A3E7BE4008B6B6B /* ViewController.m in Sources */ = {isa = PBXBuildFile; fileRef = B478102F1A3E7BE4008B6B6B /* ViewController.m */; };
		B47810331A3E7BE4008B6B6B /* Main.storyboard in Resources */ = {isa = PBXBuildFile; fileRef = B47810311A3E7BE4008B6B6B /* Main.storyboard */; };
		B47810351A3E7BE4008B6B6B /* Images.xcassets in Resources */ = {isa = PBXBuildFile; fileRef = B47810341A3E7BE4008B6B6B /* Images.xcassets */; };
		B47810381A3E7BE4008B6B6B /* LaunchScreen.xib in Resources */ = {isa = PBXBuildFile; fileRef = B47810361A3E7BE4008B6B6B /* LaunchScreen.xib */; };
		B47810441A3E7BE4008B6B6B /* IOS_webviewTests.m in Sources */ = {isa = PBXBuildFile; fileRef = B47810431A3E7BE4008B6B6B /* IOS_webviewTests.m */; };
		B478104E1A3E945A008B6B6B /* index.html in Resources */ = {isa = PBXBuildFile; fileRef = B478104D1A3E945A008B6B6B /* index.html */; };
/* End PBXBuildFile section */

/* Begin PBXContainerItemProxy section */
		B478103E1A3E7BE4008B6B6B /* PBXContainerItemProxy */ = {
			isa = PBXContainerItemProxy;
			containerPortal = B478101C1A3E7BE4008B6B6B /* Project object */;
			proxyType = 1;
			remoteGlobalIDString = B47810231A3E7BE4008B6B6B;
			remoteInfo = "IOS webview";
		};
/* End PBXContainerItemProxy section */

/* Begin PBXFileReference section */
		B47810241A3E7BE4008B6B6B /* IOS webview.app */ = {isa = PBXFileReference; explicitFileType = wrapper.application; includeInIndex = 0; path = "IOS webview.app"; sourceTree = BUILT_PRODUCTS_DIR; };
		B47810281A3E7BE4008B6B6B /* Info.plist */ = {isa = PBXFileReference; lastKnownFileType = text.plist.xml; path = Info.plist; sourceTree = "<group>"; };
		B47810291A3E7BE4008B6B6B /* main.m */ = {isa = PBXFileReference; lastKnownFileType = sourcecode.c.objc; path = main.m; sourceTree = "<group>"; };
		B478102B1A3E7BE4008B6B6B /* AppDelegate.h */ = {isa = PBXFileReference; lastKnownFileType = sourcecode.c.h; path = AppDelegate.h; sourceTree = "<group>"; };
		B478102C1A3E7BE4008B6B6B /* AppDelegate.m */ = {isa = PBXFileReference; lastKnownFileType = sourcecode.c.objc; path = AppDelegate.m; sourceTree = "<group>"; };
		B478102E1A3E7BE4008B6B6B /* ViewController.h */ = {isa = PBXFileReference; lastKnownFileType = sourcecode.c.h; path = ViewController.h; sourceTree = "<group>"; };
		B478102F1A3E7BE4008B6B6B /* ViewController.m */ = {isa = PBXFileReference; lastKnownFileType = sourcecode.c.objc; path = ViewController.m; sourceTree = "<group>"; };
		B47810321A3E7BE4008B6B6B /* Base */ = {isa = PBXFileReference; lastKnownFileType = file.storyboard; name = Base; path = Base.lproj/Main.storyboard; sourceTree = "<group>"; };
		B47810341A3E7BE4008B6B6B /* Images.xcassets */ = {isa = PBXFileReference; lastKnownFileType = folder.assetcatalog; path = Images.xcassets; sourceTree = "<group>"; };
		B47810371A3E7BE4008B6B6B /* Base */ = {isa = PBXFileReference; lastKnownFileType = file.xib; name = Base; path = Base.lproj/LaunchScreen.xib; sourceTree = "<group>"; };
		B478103D1A3E7BE4008B6B6B /* IOS webviewTests.xctest */ = {isa = PBXFileReference; explicitFileType = wrapper.cfbundle; includeInIndex = 0; path = "IOS webviewTests.xctest"; sourceTree = BUILT_PRODUCTS_DIR; };
		B47810421A3E7BE4008B6B6B /* Info.plist */ = {isa = PBXFileReference; lastKnownFileType = text.plist.xml; path = Info.plist; sourceTree = "<group>"; };
		B47810431A3E7BE4008B6B6B /* IOS_webviewTests.m */ = {isa = PBXFileReference; lastKnownFileType = sourcecode.c.objc; path = IOS_webviewTests.m; sourceTree = "<group>"; };
		B478104D1A3E945A008B6B6B /* index.html */ = {isa = PBXFileReference; fileEncoding = 4; lastKnownFileType = text.html; path = index.html; sourceTree = "<group>"; };
/* End PBXFileReference section */

/* Begin PBXFrameworksBuildPhase section */
		B47810211A3E7BE4008B6B6B /* Frameworks */ = {
			isa = PBXFrameworksBuildPhase;
			buildActionMask = 2147483647;
			files = (
			);
			runOnlyForDeploymentPostprocessing = 0;
		};
		B478103A1A3E7BE4008B6B6B /* Frameworks */ = {
			isa = PBXFrameworksBuildPhase;
			buildActionMask = 2147483647;
			files = (
			);
			runOnlyForDeploymentPostprocessing = 0;
		};
/* End PBXFrameworksBuildPhase section */

/* Begin PBXGroup section */
		B478101B1A3E7BE4008B6B6B = {
			isa = PBXGroup;
			children = (
				B47810261A3E7BE4008B6B6B /* IOS webview */,
				B47810401A3E7BE4008B6B6B /* IOS webviewTests */,
				B47810251A3E7BE4008B6B6B /* Products */,
			);
			sourceTree = "<group>";
		};
		B47810251A3E7BE4008B6B6B /* Products */ = {
			isa = PBXGroup;
			children = (
				B47810241A3E7BE4008B6B6B /* IOS webview.app */,
				B478103D1A3E7BE4008B6B6B /* IOS webviewTests.xctest */,
			);
			name = Products;
			sourceTree = "<group>";
		};
		B47810261A3E7BE4008B6B6B /* IOS webview */ = {
			isa = PBXGroup;
			children = (
				B478104D1A3E945A008B6B6B /* index.html */,
				B478102B1A3E7BE4008B6B6B /* AppDelegate.h */,
				B478102C1A3E7BE4008B6B6B /* AppDelegate.m */,
				B478102E1A3E7BE4008B6B6B /* ViewController.h */,
				B478102F1A3E7BE4008B6B6B /* ViewController.m */,
				B47810311A3E7BE4008B6B6B /* Main.storyboard */,
				B47810341A3E7BE4008B6B6B /* Images.xcassets */,
				B47810361A3E7BE4008B6B6B /* LaunchScreen.xib */,
				B47810271A3E7BE4008B6B6B /* Supporting Files */,
			);
			path = "IOS webview";
			sourceTree = "<group>";
		};
		B47810271A3E7BE4008B6B6B /* Supporting Files */ = {
			isa = PBXGroup;
			children = (
				B47810281A3E7BE4008B6B6B /* Info.plist */,
				B47810291A3E7BE4008B6B6B /* main.m */,
			);
			name = "Supporting Files";
			sourceTree = "<group>";
		};
		B47810401A3E7BE4008B6B6B /* IOS webviewTests */ = {
			isa = PBXGroup;
			children = (
				B47810431A3E7BE4008B6B6B /* IOS_webviewTests.m */,
				B47810411A3E7BE4008B6B6B /* Supporting Files */,
			);
			path = "IOS webviewTests";
			sourceTree = "<group>";
		};
		B47810411A3E7BE4008B6B6B /* Supporting Files */ = {
			isa = PBXGroup;
			children = (
				B47810421A3E7BE4008B6B6B /* Info.plist */,
			);
			name = "Supporting Files";
			sourceTree = "<group>";
		};
/* End PBXGroup section */

/* Begin PBXNativeTarget section */
		B47810231A3E7BE4008B6B6B /* IOS webview */ = {
			isa = PBXNativeTarget;
			buildConfigurationList = B47810471A3E7BE4008B6B6B /* Build configuration list for PBXNativeTarget "IOS webview" */;
			buildPhases = (
				B47810201A3E7BE4008B6B6B /* Sources */,
				B47810211A3E7BE4008B6B6B /* Frameworks */,
				B47810221A3E7BE4008B6B6B /* Resources */,
			);
			buildRules = (
			);
			dependencies = (
			);
			name = "IOS webview";
			productName = "IOS webview";
			productReference = B47810241A3E7BE4008B6B6B /* IOS webview.app */;
			productType = "com.apple.product-type.application";
		};
		B478103C1A3E7BE4008B6B6B /* IOS webviewTests */ = {
			isa = PBXNativeTarget;
			buildConfigurationList = B478104A1A3E7BE4008B6B6B /* Build configuration list for PBXNativeTarget "IOS webviewTests" */;
			buildPhases = (
				B47810391A3E7BE4008B6B6B /* Sources */,
				B478103A1A3E7BE4008B6B6B /* Frameworks */,
				B478103B1A3E7BE4008B6B6B /* Resources */,
			);
			buildRules = (
			);
			dependencies = (
				B478103F1A3E7BE4008B6B6B /* PBXTargetDependency */,
			);
			name = "IOS webviewTests";
			productName = "IOS webviewTests";
			productReference = B478103D1A3E7BE4008B6B6B /* IOS webviewTests.xctest */;
			productType = "com.apple.product-type.bundle.unit-test";
		};
/* End PBXNativeTarget section */

/* Begin PBXProject section */
		B478101C1A3E7BE4008B6B6B /* Project object */ = {
			isa = PBXProject;
			attributes = {
				LastUpgradeCheck = 0610;
				ORGANIZATIONNAME = "李腾飞";
				TargetAttributes = {
					B47810231A3E7BE4008B6B6B = {
						CreatedOnToolsVersion = 6.1;
					};
					B478103C1A3E7BE4008B6B6B = {
						CreatedOnToolsVersion = 6.1;
						TestTargetID = B47810231A3E7BE4008B6B6B;
					};
				};
			};
			buildConfigurationList = B478101F1A3E7BE4008B6B6B /* Build configuration list for PBXProject "IOS webview" */;
			compatibilityVersion = "Xcode 3.2";
			developmentRegion = English;
			hasScannedForEncodings = 0;
			knownRegions = (
				en,
				Base,
			);
			mainGroup = B478101B1A3E7BE4008B6B6B;
			productRefGroup = B47810251A3E7BE4008B6B6B /* Products */;
			projectDirPath = "";
			projectRoot = "";
			targets = (
				B47810231A3E7BE4008B6B6B /* IOS webview */,
				B478103C1A3E7BE4008B6B6B /* IOS webviewTests */,
			);
		};
/* End PBXProject section */

/* Begin PBXResourcesBuildPhase section */
		B47810221A3E7BE4008B6B6B /* Resources */ = {
			isa = PBXResourcesBuildPhase;
			buildActionMask = 2147483647;
			files = (
				B47810331A3E7BE4008B6B6B /* Main.storyboard in Resources */,
				B478104E1A3E945A008B6B6B /* index.html in Resources */,
				B47810381A3E7BE4008B6B6B /* LaunchScreen.xib in Resources */,
				B47810351A3E7BE4008B6B6B /* Images.xcassets in Resources */,
			);
			runOnlyForDeploymentPostprocessing = 0;
		};
		B478103B1A3E7BE4008B6B6B /* Resources */ = {
			isa = PBXResourcesBuildPhase;
			buildActionMask = 2147483647;
			files = (
			);
			runOnlyForDeploymentPostprocessing = 0;
		};
/* End PBXResourcesBuildPhase section */

/* Begin PBXSourcesBuildPhase section */
		B47810201A3E7BE4008B6B6B /* Sources */ = {
			isa = PBXSourcesBuildPhase;
			buildActionMask = 2147483647;
			files = (
				B47810301A3E7BE4008B6B6B /* ViewController.m in Sources */,
				B478102D1A3E7BE4008B6B6B /* AppDelegate.m in Sources */,
				B478102A1A3E7BE4008B6B6B /* main.m in Sources */,
			);
			runOnlyForDeploymentPostprocessing = 0;
		};
		B47810391A3E7BE4008B6B6B /* Sources */ = {
			isa = PBXSourcesBuildPhase;
			buildActionMask = 2147483647;
			files = (
				B47810441A3E7BE4008B6B6B /* IOS_webviewTests.m in Sources */,
			);
			runOnlyForDeploymentPostprocessing = 0;
		};
/* End PBXSourcesBuildPhase section */

/* Begin PBXTargetDependency section */
		B478103F1A3E7BE4008B6B6B /* PBXTargetDependency */ = {
			isa = PBXTargetDependency;
			target = B47810231A3E7BE4008B6B6B /* IOS webview */;
			targetProxy = B478103E1A3E7BE4008B6B6B /* PBXContainerItemProxy */;
		};
/* End PBXTargetDependency section */

/* Begin PBXVariantGroup section */
		B47810311A3E7BE4008B6B6B /* Main.storyboard */ = {
			isa = PBXVariantGroup;
			children = (
				B47810321A3E7BE4008B6B6B /* Base */,
			);
			name = Main.storyboard;
			sourceTree = "<group>";
		};
		B47810361A3E7BE4008B6B6B /* LaunchScreen.xib */ = {
			isa = PBXVariantGroup;
			children = (
				B47810371A3E7BE4008B6B6B /* Base */,
			);
			name = LaunchScreen.xib;
			sourceTree = "<group>";
		};
/* End PBXVariantGroup section */

/* Begin XCBuildConfiguration section */
		B47810451A3E7BE4008B6B6B /* Debug */ = {
			isa = XCBuildConfiguration;
			buildSettings = {
				ALWAYS_SEARCH_USER_PATHS = NO;
				CLANG_CXX_LANGUAGE_STANDARD = "gnu++0x";
				CLANG_CXX_LIBRARY = "libc++";
				CLANG_ENABLE_MODULES = YES;
				CLANG_ENABLE_OBJC_ARC = YES;
				CLANG_WARN_BOOL_CONVERSION = YES;
				CLANG_WARN_CONSTANT_CONVERSION = YES;
				CLANG_WARN_DIRECT_OBJC_ISA_USAGE = YES_ERROR;
				CLANG_WARN_EMPTY_BODY = YES;
				CLANG_WARN_ENUM_CONVERSION = YES;
				CLANG_WARN_INT_CONVERSION = YES;
				CLANG_WARN_OBJC_ROOT_CLASS = YES_ERROR;
				CLANG_WARN_UNREACHABLE_CODE = YES;
				CLANG_WARN__DUPLICATE_METHOD_MATCH = YES;
				"CODE_SIGN_IDENTITY[sdk=iphoneos*]" = "iPhone Developer";
				COPY_PHASE_STRIP = NO;
				ENABLE_STRICT_OBJC_MSGSEND = YES;
				GCC_C_LANGUAGE_STANDARD = gnu99;
				GCC_DYNAMIC_NO_PIC = NO;
				GCC_OPTIMIZATION_LEVEL = 0;
				GCC_PREPROCESSOR_DEFINITIONS = (
					"DEBUG=1",
					"$(inherited)",
				);
				GCC_SYMBOLS_PRIVATE_EXTERN = NO;
				GCC_WARN_64_TO_32_BIT_CONVERSION = YES;
				GCC_WARN_ABOUT_RETURN_TYPE = YES_ERROR;
				GCC_WARN_UNDECLARED_SELECTOR = YES;
				GCC_WARN_UNINITIALIZED_AUTOS = YES_AGGRESSIVE;
				GCC_WARN_UNUSED_FUNCTION = YES;
				GCC_WARN_UNUSED_VARIABLE = YES;
				IPHONEOS_DEPLOYMENT_TARGET = 8.1;
				MTL_ENABLE_DEBUG_INFO = YES;
				ONLY_ACTIVE_ARCH = YES;
				SDKROOT = iphoneos;
			};
			name = Debug;
		};
		B47810461A3E7BE4008B6B6B /* Release */ = {
			isa = XCBuildConfiguration;
			buildSettings = {
				ALWAYS_SEARCH_USER_PATHS = NO;
				CLANG_CXX_LANGUAGE_STANDARD = "gnu++0x";
				CLANG_CXX_LIBRARY = "libc++";
				CLANG_ENABLE_MODULES = YES;
				CLANG_ENABLE_OBJC_ARC = YES;
				CLANG_WARN_BOOL_CONVERSION = YES;
				CLANG_WARN_CONSTANT_CONVERSION = YES;
				CLANG_WARN_DIRECT_OBJC_ISA_USAGE = YES_ERROR;
				CLANG_WARN_EMPTY_BODY = YES;
				CLANG_WARN_ENUM_CONVERSION = YES;
				CLANG_WARN_INT_CONVERSION = YES;
				CLANG_WARN_OBJC_ROOT_CLASS = YES_ERROR;
				CLANG_WARN_UNREACHABLE_CODE = YES;
				CLANG_WARN__DUPLICATE_METHOD_MATCH = YES;
				"CODE_SIGN_IDENTITY[sdk=iphoneos*]" = "iPhone Developer";
				COPY_PHASE_STRIP = YES;
				ENABLE_NS_ASSERTIONS = NO;
				ENABLE_STRICT_OBJC_MSGSEND = YES;
				GCC_C_LANGUAGE_STANDARD = gnu99;
				GCC_WARN_64_TO_32_BIT_CONVERSION = YES;
				GCC_WARN_ABOUT_RETURN_TYPE = YES_ERROR;
				GCC_WARN_UNDECLARED_SELECTOR = YES;
				GCC_WARN_UNINITIALIZED_AUTOS = YES_AGGRESSIVE;
				GCC_WARN_UNUSED_FUNCTION = YES;
				GCC_WARN_UNUSED_VARIABLE = YES;
				IPHONEOS_DEPLOYMENT_TARGET = 8.1;
				MTL_ENABLE_DEBUG_INFO = NO;
				SDKROOT = iphoneos;
				VALIDATE_PRODUCT = YES;
			};
			name = Release;
		};
		B47810481A3E7BE4008B6B6B /* Debug */ = {
			isa = XCBuildConfiguration;
			buildSettings = {
				ASSETCATALOG_COMPILER_APPICON_NAME = AppIcon;
				INFOPLIST_FILE = "IOS webview/Info.plist";
				LD_RUNPATH_SEARCH_PATHS = "$(inherited) @executable_path/Frameworks";
				PRODUCT_NAME = "$(TARGET_NAME)";
			};
			name = Debug;
		};
		B47810491A3E7BE4008B6B6B /* Release */ = {
			isa = XCBuildConfiguration;
			buildSettings = {
				ASSETCATALOG_COMPILER_APPICON_NAME = AppIcon;
				INFOPLIST_FILE = "IOS webview/Info.plist";
				LD_RUNPATH_SEARCH_PATHS = "$(inherited) @executable_path/Frameworks";
				PRODUCT_NAME = "$(TARGET_NAME)";
			};
			name = Release;
		};
		B478104B1A3E7BE4008B6B6B /* Debug */ = {
			isa = XCBuildConfiguration;
			buildSettings = {
				BUNDLE_LOADER = "$(TEST_HOST)";
				FRAMEWORK_SEARCH_PATHS = (
					"$(SDKROOT)/Developer/Library/Frameworks",
					"$(inherited)",
				);
				GCC_PREPROCESSOR_DEFINITIONS = (
					"DEBUG=1",
					"$(inherited)",
				);
				INFOPLIST_FILE = "IOS webviewTests/Info.plist";
				LD_RUNPATH_SEARCH_PATHS = "$(inherited) @executable_path/Frameworks @loader_path/Frameworks";
				PRODUCT_NAME = "$(TARGET_NAME)";
				TEST_HOST = "$(BUILT_PRODUCTS_DIR)/IOS webview.app/IOS webview";
			};
			name = Debug;
		};
		B478104C1A3E7BE4008B6B6B /* Release */ = {
			isa = XCBuildConfiguration;
			buildSettings = {
				BUNDLE_LOADER = "$(TEST_HOST)";
				FRAMEWORK_SEARCH_PATHS = (
					"$(SDKROOT)/Developer/Library/Frameworks",
					"$(inherited)",
				);
				INFOPLIST_FILE = "IOS webviewTests/Info.plist";
				LD_RUNPATH_SEARCH_PATHS = "$(inherited) @executable_path/Frameworks @loader_path/Frameworks";
				PRODUCT_NAME = "$(TARGET_NAME)";
				TEST_HOST = "$(BUILT_PRODUCTS_DIR)/IOS webview.app/IOS webview";
			};
			name = Release;
		};
/* End XCBuildConfiguration section */

/* Begin XCConfigurationList section */
		B478101F1A3E7BE4008B6B6B /* Build configuration list for PBXProject "IOS webview" */ = {
			isa = XCConfigurationList;
			buildConfigurations = (
				B47810451A3E7BE4008B6B6B /* Debug */,
				B47810461A3E7BE4008B6B6B /* Release */,
			);
			defaultConfigurationIsVisible = 0;
			defaultConfigurationName = Release;
		};
		B47810471A3E7BE4008B6B6B /* Build configuration list for PBXNativeTarget "IOS webview" */ = {
			isa = XCConfigurationList;
			buildConfigurations = (
				B47810481A3E7BE4008B6B6B /* Debug */,
				B47810491A3E7BE4008B6B6B /* Release */,
			);
			defaultConfigurationIsVisible = 0;
		};
		B478104A1A3E7BE4008B6B6B /* Build configuration list for PBXNativeTarget "IOS webviewTests" */ = {
			isa = XCConfigurationList;
			buildConfigurations = (
				B478104B1A3E7BE4008B6B6B /* Debug */,
				B478104C1A3E7BE4008B6B6B /* Release */,
			);
			defaultConfigurationIsVisible = 0;
		};
/* End XCConfigurationList section */
	};
	rootObject = B478101C1A3E7BE4008B6B6B /* Project object */;
}
